
Microsoft Visual Studio Solution File, Format Version 12.00
# Visual Studio 15
VisualStudioVersion = 15.0.27130.2010
MinimumVisualStudioVersion = 10.0.40219.1
Project("{FAE04EC0-301F-11D3-BF4B-00C04F79EFBC}") = "FF13FullLauncher", "FF13Launcher\FF13FullLauncher.csproj", "{6F5F172A-E948-4036-BC49-2CFC45D75423}"
EndProject
Global
	GlobalSection(SolutionConfigurationPlatforms) = preSolution
		Debug|Any CPU = Debug|Any CPU
		Release|Any CPU = Release|Any CPU
	EndGlobalSection
	GlobalSection(ProjectConfigurationPlatforms) = postSolution
		{6F5F172A-E948-4036-BC49-2CFC45D75423}.Debug|Any CPU.ActiveCfg = Debug|Any CPU
		{6F5F172A-E948-4036-BC49-2CFC45D75423}.Debug|Any CPU.Build.0 = Debug|Any CPU
		{6F5F172A-E948-4036-BC49-2CFC45D75423}.Release|Any CPU.ActiveCfg = Release|Any CPU
		{6F5F172A-E948-4036-BC49-2CFC45D75423}.Release|Any CPU.Build.0 = Release|Any CPU
	EndGlobalSection
	GlobalSection(SolutionProperties) = preSolution
		HideSolutionNode = FALSE
	EndGlobalSection
	GlobalSection(ExtensibilityGlobals) = postSolution
		SolutionGuid = {E6C27B32-3DF0-42FC-B9B1-A087A4887470}
	EndGlobalSection
EndGlobal
